
Microsoft Visual Studio Solution File, Format Version 12.00
# Visual Studio Version 17
VisualStudioVersion = 17.9.34728.123
MinimumVisualStudioVersion = 10.0.40219.1
Project("{FAE04EC0-301F-11D3-BF4B-00C04F79EFBC}") = "ASMM", "ASMM\ASMM.csproj", "{2309DCF8-F7D2-4BF5-82D0-A4A5911FA569}"
EndProject
Global
	GlobalSection(SolutionConfigurationPlatforms) = preSolution
		Debug|Any CPU = Debug|Any CPU
		Release|Any CPU = Release|Any CPU
	EndGlobalSection
	GlobalSection(ProjectConfigurationPlatforms) = postSolution
		{2309DCF8-F7D2-4BF5-82D0-A4A5911FA569}.Debug|Any CPU.ActiveCfg = Debug|Any CPU
		{2309DCF8-F7D2-4BF5-82D0-A4A5911FA569}.Debug|Any CPU.Build.0 = Debug|Any CPU
		{2309DCF8-F7D2-4BF5-82D0-A4A5911FA569}.Release|Any CPU.ActiveCfg = Release|Any CPU
		{2309DCF8-F7D2-4BF5-82D0-A4A5911FA569}.Release|Any CPU.Build.0 = Release|Any CPU
	EndGlobalSection
	GlobalSection(SolutionProperties) = preSolution
		HideSolutionNode = FALSE
	EndGlobalSection
	GlobalSection(ExtensibilityGlobals) = postSolution
		SolutionGuid = {56803F24-AF43-44BD-93B3-72E6F3A5147F}
	EndGlobalSection
EndGlobal
